
Microsoft Visual Studio Solution File, Format Version 12.00
# Visual Studio Version 17
VisualStudioVersion = 17.13.35931.197 d17.13
MinimumVisualStudioVersion = 10.0.40219.1
Project("{FAE04EC0-301F-11D3-BF4B-00C04F79EFBC}") = "AVALO", "AVALO\AVALO.csproj", "{B322E578-40B2-479E-A865-B348D56CFCD4}"
EndProject
Global
	GlobalSection(SolutionConfigurationPlatforms) = preSolution
		Debug|Any CPU = Debug|Any CPU
		Release|Any CPU = Release|Any CPU
	EndGlobalSection
	GlobalSection(ProjectConfigurationPlatforms) = postSolution
		{B322E578-40B2-479E-A865-B348D56CFCD4}.Debug|Any CPU.ActiveCfg = Debug|Any CPU
		{B322E578-40B2-479E-A865-B348D56CFCD4}.Debug|Any CPU.Build.0 = Debug|Any CPU
		{B322E578-40B2-479E-A865-B348D56CFCD4}.Release|Any CPU.ActiveCfg = Release|Any CPU
		{B322E578-40B2-479E-A865-B348D56CFCD4}.Release|Any CPU.Build.0 = Release|Any CPU
	EndGlobalSection
	GlobalSection(SolutionProperties) = preSolution
		HideSolutionNode = FALSE
	EndGlobalSection
	GlobalSection(ExtensibilityGlobals) = postSolution
		SolutionGuid = {470BEC83-8D01-4A0A-A888-9BA68398BC36}
	EndGlobalSection
EndGlobal
